{
  "name": "intershop",
  "version": "0.2.4",
  "lockfileVersion": 1,
  "requires": true,
  "dependencies": {
    "ansi-styles": {
      "version": "1.1.0",
      "resolved": "https://registry.npmjs.org/ansi-styles/-/ansi-styles-1.1.0.tgz",
      "integrity": "sha1-6uy/Zs1waIJ2Cy9GkVgrj1XXp94=",
      "optional": true
    },
    "bash": {
      "version": "0.0.1",
      "resolved": "https://registry.npmjs.org/bash/-/bash-0.0.1.tgz",
      "integrity": "sha1-nuDnp1K8Xu8Wi8SHGVVqdFSKrgw="
    },
    "cnd": {
      "version": "4.3.1",
      "resolved": "https://registry.npmjs.org/cnd/-/cnd-4.3.1.tgz",
      "integrity": "sha512-TVv2/Sg1YwRZ2TkJZk92wCvqHgXheq62mTZdFADh9m9izmmG8ubL7AjDv0tnmhCmpXVDIPf/5SXV9Spt4PYbCQ==",
      "requires": {
        "trycatch": "1.5.21"
      }
    },
    "coffeenode-suspend": {
      "version": "0.1.11",
      "resolved": "https://registry.npmjs.org/coffeenode-suspend/-/coffeenode-suspend-0.1.11.tgz",
      "integrity": "sha1-B1n2TzgWbhlkTFKYH+rgX9dVaZI="
    },
    "coffeescript": {
      "version": "2.2.1",
      "resolved": "https://registry.npmjs.org/coffeescript/-/coffeescript-2.2.1.tgz",
      "integrity": "sha512-UFSs0WDed7ZiQGtWZ401PZnlgnP5jtlr4Gk+aPMTIkFkKY6Kz2gRp+WIu0QzllR30nV2XheicAhKwDJQcor6lg=="
    },
    "deep-extend": {
      "version": "0.4.2",
      "resolved": "https://registry.npmjs.org/deep-extend/-/deep-extend-0.4.2.tgz",
      "integrity": "sha1-SLaZwn4zS/ifEIkr5DL25MfTSn8="
    },
    "defined": {
      "version": "1.0.0",
      "resolved": "https://registry.npmjs.org/defined/-/defined-1.0.0.tgz",
      "integrity": "sha1-yY2bzvdWdBiOEQlpFRGZ45sfppM="
    },
    "event-stream": {
      "version": "0.5.3",
      "resolved": "https://registry.npmjs.org/event-stream/-/event-stream-0.5.3.tgz",
      "integrity": "sha1-t3uTCfcQet3+q2PwwOr9jbC9jBw=",
      "requires": {
        "optimist": "0.2.8"
      }
    },
    "eventemitter3": {
      "version": "2.0.3",
      "resolved": "https://registry.npmjs.org/eventemitter3/-/eventemitter3-2.0.3.tgz",
      "integrity": "sha1-teEHm1n7XhuidxwKmTvgYKWMmbo="
    },
    "hookit": {
      "version": "1.1.3",
      "resolved": "https://registry.npmjs.org/hookit/-/hookit-1.1.3.tgz",
      "integrity": "sha1-YnvRuQvE7sHTe2OiCCzv9Rgb+xk="
    },
    "ini": {
      "version": "1.3.5",
      "resolved": "https://registry.npmjs.org/ini/-/ini-1.3.5.tgz",
      "integrity": "sha512-RZY5huIKCMRWDUqZlEi72f/lmXKMvuszcMBduliQ3nnWbx9X/ZBQO7DijMEYS9EhHBb2qacRUMtC7svLwe0lcw=="
    },
    "looper": {
      "version": "3.0.0",
      "resolved": "https://registry.npmjs.org/looper/-/looper-3.0.0.tgz",
      "integrity": "sha1-LvpUw7HLq6m5Su4uWRSwvlf7t0k="
    },
    "minimist": {
      "version": "1.2.0",
      "resolved": "https://registry.npmjs.org/minimist/-/minimist-1.2.0.tgz",
      "integrity": "sha1-o1AIsg9BOD7sH7kU9M1d95omQoQ="
    },
    "numeral": {
      "version": "2.0.6",
      "resolved": "https://registry.npmjs.org/numeral/-/numeral-2.0.6.tgz",
      "integrity": "sha1-StCAk21EPCVhrtnyGX7//iX05QY="
    },
    "object-keys": {
      "version": "0.4.0",
      "resolved": "https://registry.npmjs.org/object-keys/-/object-keys-0.4.0.tgz",
      "integrity": "sha1-KKaq50KN0sOpLz2V8hM13SBOAzY="
    },
    "optimist": {
      "version": "0.2.8",
      "resolved": "https://registry.npmjs.org/optimist/-/optimist-0.2.8.tgz",
      "integrity": "sha1-6YGrfiaLRXlIWTtVZ0wJmoFcrDE=",
      "requires": {
        "wordwrap": "0.0.3"
      }
    },
    "pipestreams": {
      "version": "0.4.0",
      "resolved": "https://registry.npmjs.org/pipestreams/-/pipestreams-0.4.0.tgz",
      "integrity": "sha512-3kOpdT3+Tg+yeDrtMeWIjB1Y4WGIabXmdedH8w/pYJ69ZQqGie7A+oUopDPT0qInwemTl9X9kIuW4CPtBR+Bcg==",
      "requires": {
        "cnd": "4.3.1",
        "coffeenode-suspend": "0.1.11",
        "eventemitter3": "2.0.3",
        "numeral": "2.0.6",
        "pull-cont": "0.1.1",
        "pull-file": "1.1.0",
        "pull-many": "1.0.8",
        "pull-pushable": "2.1.2",
        "pull-split": "0.2.0",
        "pull-stream": "3.6.1",
        "pull-stringify": "2.0.0",
        "pull-tee": "2.0.1",
        "pull-through": "1.0.18",
        "pull-utf8-decoder": "1.0.2",
        "pull-write-file": "0.2.4",
        "stream-to-pull-stream": "1.7.2",
        "timsort": "0.3.0"
      }
    },
    "ps-tree": {
      "version": "0.0.3",
      "resolved": "https://registry.npmjs.org/ps-tree/-/ps-tree-0.0.3.tgz",
      "integrity": "sha1-2/jXUqf+Ivp9WGNWiUmWEOknbdw=",
      "requires": {
        "event-stream": "0.5.3"
      }
    },
    "pull-cont": {
      "version": "0.1.1",
      "resolved": "https://registry.npmjs.org/pull-cont/-/pull-cont-0.1.1.tgz",
      "integrity": "sha1-3x1YDicXV7qay666IN4kIdZg1hg="
    },
    "pull-file": {
      "version": "1.1.0",
      "resolved": "https://registry.npmjs.org/pull-file/-/pull-file-1.1.0.tgz",
      "integrity": "sha1-HdmHYF1jV6DSPB5Lgm95FaIVEpw=",
      "requires": {
        "pull-utf8-decoder": "1.0.2"
      }
    },
    "pull-many": {
      "version": "1.0.8",
      "resolved": "https://registry.npmjs.org/pull-many/-/pull-many-1.0.8.tgz",
      "integrity": "sha1-Pa3ZttFWxUVyG9qNAAPdjqoGKT4=",
      "requires": {
        "pull-stream": "3.6.1"
      }
    },
    "pull-pushable": {
      "version": "2.1.2",
      "resolved": "https://registry.npmjs.org/pull-pushable/-/pull-pushable-2.1.2.tgz",
      "integrity": "sha1-P+Fbj37sifOXLSOLwEiQyUBabbs="
    },
    "pull-split": {
      "version": "0.2.0",
      "resolved": "https://registry.npmjs.org/pull-split/-/pull-split-0.2.0.tgz",
      "integrity": "sha1-mW0ohTEFIgmoMTiK0NKB3zyCN5Y=",
      "requires": {
        "pull-through": "1.0.18"
      }
    },
    "pull-stream": {
      "version": "3.6.1",
      "resolved": "https://registry.npmjs.org/pull-stream/-/pull-stream-3.6.1.tgz",
      "integrity": "sha1-xcKuSlEkbv7rzGXAQSo9clqSzgA="
    },
    "pull-stringify": {
      "version": "2.0.0",
      "resolved": "https://registry.npmjs.org/pull-stringify/-/pull-stringify-2.0.0.tgz",
      "integrity": "sha1-Irox2pWvCIjg+1WSOLH6kVpqW2Q=",
      "requires": {
        "defined": "1.0.0"
      }
    },
    "pull-tee": {
      "version": "2.0.1",
      "resolved": "https://registry.npmjs.org/pull-tee/-/pull-tee-2.0.1.tgz",
      "integrity": "sha1-AVX56ZgwH0c2XiE99Vz+5McebZc="
    },
    "pull-through": {
      "version": "1.0.18",
      "resolved": "https://registry.npmjs.org/pull-through/-/pull-through-1.0.18.tgz",
      "integrity": "sha1-jdYjFCY+Wc9Qlur7sSeitu8xBzU=",
      "requires": {
        "looper": "3.0.0"
      }
    },
    "pull-utf8-decoder": {
      "version": "1.0.2",
      "resolved": "https://registry.npmjs.org/pull-utf8-decoder/-/pull-utf8-decoder-1.0.2.tgz",
      "integrity": "sha1-p6+iOE0eZBWl1gIFQSbMjeO8vOc="
    },
    "pull-write-file": {
      "version": "0.2.4",
      "resolved": "https://registry.npmjs.org/pull-write-file/-/pull-write-file-0.2.4.tgz",
      "integrity": "sha1-Q3NErrIYn2XmeO0a838PdgpUU+8="
    },
    "rc": {
      "version": "1.2.5",
      "resolved": "https://registry.npmjs.org/rc/-/rc-1.2.5.tgz",
      "integrity": "sha1-J1zWh/bjs2zHVrqibf7oCnkDAf0=",
      "requires": {
        "deep-extend": "0.4.2",
        "ini": "1.3.5",
        "minimist": "1.2.0",
        "strip-json-comments": "2.0.1"
      }
    },
    "respawn": {
      "version": "2.5.0",
      "resolved": "https://registry.npmjs.org/respawn/-/respawn-2.5.0.tgz",
      "integrity": "sha1-nfCymMOIaBPTa3qatNeOoiWLcdU=",
      "requires": {
        "ps-tree": "0.0.3",
        "xtend": "2.1.2"
      }
    },
    "stream-to-pull-stream": {
      "version": "1.7.2",
      "resolved": "https://registry.npmjs.org/stream-to-pull-stream/-/stream-to-pull-stream-1.7.2.tgz",
      "integrity": "sha1-dXYJrhzr0zx0MtSvvjH/eGULnd4=",
      "requires": {
        "looper": "3.0.0",
        "pull-stream": "3.6.1"
      }
    },
    "strip-json-comments": {
      "version": "2.0.1",
      "resolved": "https://registry.npmjs.org/strip-json-comments/-/strip-json-comments-2.0.1.tgz",
      "integrity": "sha1-PFMZQukIwml8DsNEhYwobHygpgo="
    },
    "timsort": {
      "version": "0.3.0",
      "resolved": "https://registry.npmjs.org/timsort/-/timsort-0.3.0.tgz",
      "integrity": "sha1-QFQRqOfmM5/mTbmiNN4R3DHgK9Q="
    },
    "trycatch": {
      "version": "1.5.21",
      "resolved": "https://registry.npmjs.org/trycatch/-/trycatch-1.5.21.tgz",
      "integrity": "sha1-LLFdQ9T0X3Q2dweYoQvfvh1aVv4=",
      "requires": {
        "ansi-styles": "1.1.0",
        "hookit": "1.1.3"
      }
    },
    "wordwrap": {
      "version": "0.0.3",
      "resolved": "https://registry.npmjs.org/wordwrap/-/wordwrap-0.0.3.tgz",
      "integrity": "sha1-o9XabNXAvAAI03I0u68b7WMFkQc="
    },
    "xtend": {
      "version": "2.1.2",
      "resolved": "https://registry.npmjs.org/xtend/-/xtend-2.1.2.tgz",
      "integrity": "sha1-bv7MKk2tjmlixJAbM3znuoe10os=",
      "requires": {
        "object-keys": "0.4.0"
      }
    }
  }
}
